<?xml version="1.0" encoding="utf-8"?>
<Project ToolsVersion="4.0" xmlns="http://schemas.microsoft.com/developer/msbuild/2003">
  <ItemGroup>
    <Filter Include="源文件">
      <UniqueIdentifier>{4FC737F1-C7A5-4376-A066-2A32D752A2FF}</UniqueIdentifier>
      <Extensions>cpp;c;cc;cxx;c++;cppm;ixx;def;odl;idl;hpj;bat;asm;asmx</Extensions>
    </Filter>
    <Filter Include="头文件">
      <UniqueIdentifier>{93995380-89BD-4b04-88EB-625FBE52EBFB}</UniqueIdentifier>
      <Extensions>h;hh;hpp;hxx;h++;hm;inl;inc;ipp;xsd</Extensions>
    </Filter>
    <Filter Include="资源文件">
      <UniqueIdentifier>{67DA6AB6-F800-4c08-8B7A-83BB121AAD01}</UniqueIdentifier>
      <Extensions>rc;ico;cur;bmp;dlg;rc2;rct;bin;rgs;gif;jpg;jpeg;jpe;resx;tiff;tif;png;wav;mfcribbon-ms</Extensions>
    </Filter>
    <Filter Include="DBConnector">
      <UniqueIdentifier>{7e80de31-ecb8-4ff3-bbd1-fb92a34f656b}</UniqueIdentifier>
    </Filter>
    <Filter Include="Tools">
      <UniqueIdentifier>{cba8da72-42e8-4b31-9312-25169c9f2506}</UniqueIdentifier>
    </Filter>
    <Filter Include="Encryption">
      <UniqueIdentifier>{1e9b1fa3-f31d-463b-ab0f-10c7cd8e7a88}</UniqueIdentifier>
    </Filter>
    <Filter Include="Server">
      <UniqueIdentifier>{96f693da-6f41-4b11-9dd5-95532ae38d33}</UniqueIdentifier>
    </Filter>
    <Filter Include="models">
      <UniqueIdentifier>{a3d2c20e-5667-4bfd-8a24-4a296588c6a0}</UniqueIdentifier>
    </Filter>
    <Filter Include="Serialize">
      <UniqueIdentifier>{81055eda-d2d3-47a4-9809-29461cdb4618}</UniqueIdentifier>
    </Filter>
    <Filter Include="WebObjs">
      <UniqueIdentifier>{91f55144-fbfa-46bd-9185-e110f8022cbb}</UniqueIdentifier>
    </Filter>
    <Filter Include="Controller">
      <UniqueIdentifier>{10c2df95-573e-404a-b965-86a5f7eb3536}</UniqueIdentifier>
    </Filter>
  </ItemGroup>
  <ItemGroup>
    <ClCompile Include="SqlServerConn.ixx">
      <Filter>DBConnector</Filter>
    </ClCompile>
    <ClCompile Include="Tools.ixx">
      <Filter>Tools</Filter>
    </ClCompile>
    <ClCompile Include="test.cpp">
      <Filter>源文件</Filter>
    </ClCompile>
    <ClCompile Include="WindowsFuncs.h">
      <Filter>Tools</Filter>
    </ClCompile>
    <ClCompile Include="WindowsFuncs.cpp">
      <Filter>源文件</Filter>
    </ClCompile>
    <ClCompile Include="Utils.ixx">
      <Filter>Tools</Filter>
    </ClCompile>
    <ClCompile Include="MySqlConn.ixx">
      <Filter>DBConnector</Filter>
    </ClCompile>
    <ClCompile Include="SHA1.ixx">
      <Filter>Encryption</Filter>
    </ClCompile>
    <ClCompile Include="StringBuilder.ixx">
      <Filter>Tools</Filter>
    </ClCompile>
    <ClCompile Include="WebServer.ixx">
      <Filter>Server</Filter>
    </ClCompile>
    <ClCompile Include="ThreadPool.ixx">
      <Filter>Tools</Filter>
    </ClCompile>
    <ClCompile Include="libs.core.ixx">
      <Filter>头文件</Filter>
    </ClCompile>
    <ClCompile Include="libs.windows.ixx">
      <Filter>头文件</Filter>
    </ClCompile>
    <ClCompile Include="libs.thread.ixx">
      <Filter>头文件</Filter>
    </ClCompile>
    <ClCompile Include="XMLSerializer.ixx">
      <Filter>Serialize</Filter>
    </ClCompile>
    <ClCompile Include="LRUList.ixx">
      <Filter>Tools</Filter>
    </ClCompile>
    <ClCompile Include="IConn.ixx">
      <Filter>DBConnector</Filter>
    </ClCompile>
    <ClCompile Include="ResultSet.ixx">
      <Filter>DBConnector</Filter>
    </ClCompile>
    <ClCompile Include="Request.ixx">
      <Filter>Server</Filter>
    </ClCompile>
    <ClCompile Include="Session.ixx">
      <Filter>Server</Filter>
    </ClCompile>
    <ClCompile Include="MD5.ixx">
      <Filter>Encryption</Filter>
    </ClCompile>
    <ClCompile Include="RandomStringGenerate.ixx">
      <Filter>Tools</Filter>
    </ClCompile>
    <ClCompile Include="Base64.ixx">
      <Filter>Encryption</Filter>
    </ClCompile>
    <ClCompile Include="Config.ixx">
      <Filter>Server</Filter>
    </ClCompile>
    <ClCompile Include="Response.ixx">
      <Filter>Server</Filter>
    </ClCompile>
    <ClCompile Include="Timer.ixx">
      <Filter>Tools</Filter>
    </ClCompile>
    <ClCompile Include="WebHandle.ixx">
      <Filter>Server</Filter>
    </ClCompile>
    <ClCompile Include="JsonSerializer.ixx">
      <Filter>Serialize</Filter>
    </ClCompile>
    <ClCompile Include="Command.ixx">
      <Filter>Server</Filter>
    </ClCompile>
    <ClCompile Include="FileSystem.ixx">
      <Filter>Tools</Filter>
    </ClCompile>
    <ClCompile Include="UserLogin.ixx">
      <Filter>Controller</Filter>
    </ClCompile>
    <ClCompile Include="UserReg.ixx">
      <Filter>Controller</Filter>
    </ClCompile>
  </ItemGroup>
  <ItemGroup>
    <Xml Include="student.sinfo.xml">
      <Filter>models</Filter>
    </Xml>
    <Xml Include="config.xml" />
  </ItemGroup>
  <ItemGroup>
    <ClInclude Include="micros.h">
      <Filter>Tools</Filter>
    </ClInclude>
  </ItemGroup>
  <ItemGroup>
    <Text Include="content_type.txt" />
  </ItemGroup>
  <ItemGroup>
    <None Include="example.json">
      <Filter>models</Filter>
    </None>
    <None Include="www\index.html" />
  </ItemGroup>
</Project>